
Microsoft Visual Studio Solution File, Format Version 12.00
# Visual Studio Version 16
VisualStudioVersion = 16.0.29709.97
MinimumVisualStudioVersion = 10.0.40219.1
Project("{FAE04EC0-301F-11D3-BF4B-00C04F79EFBC}") = "Sparql.Migrator", "Sparql.Migrator\Sparql.Migrator.csproj", "{69BA8E33-3632-4C8A-BC89-6762CB1C02E8}"
EndProject
Project("{2150E333-8FDC-42A3-9474-1A3956D46DE8}") = "tests", "tests", "{1FABDB09-186C-44B1-8BFF-4D554B2F9DB9}"
EndProject
Project("{FAE04EC0-301F-11D3-BF4B-00C04F79EFBC}") = "Sparql.Migrator.UnitTests", "Sparql.Migrator.UnitTests\Sparql.Migrator.UnitTests.csproj", "{0673A474-F79D-4318-9E29-5634CB72782C}"
EndProject
Project("{2150E333-8FDC-42A3-9474-1A3956D46DE8}") = "Solution Items", "Solution Items", "{7D1713DB-EB14-4CD0-84E6-D9B451E70DED}"
	ProjectSection(SolutionItems) = preProject
		.editorconfig = .editorconfig
		.gitignore = .gitignore
		docker-compose.yml = docker-compose.yml
	EndProjectSection
EndProject
Project("{E53339B2-1760-4266-BCC7-CA923CBCF16C}") = "docker-compose", "docker-compose.dcproj", "{41EE48A2-A020-40F5-A4CE-FCDE52A2F508}"
EndProject
Global
	GlobalSection(SolutionConfigurationPlatforms) = preSolution
		Debug|Any CPU = Debug|Any CPU
		Release|Any CPU = Release|Any CPU
	EndGlobalSection
	GlobalSection(ProjectConfigurationPlatforms) = postSolution
		{69BA8E33-3632-4C8A-BC89-6762CB1C02E8}.Debug|Any CPU.ActiveCfg = Debug|Any CPU
		{69BA8E33-3632-4C8A-BC89-6762CB1C02E8}.Debug|Any CPU.Build.0 = Debug|Any CPU
		{69BA8E33-3632-4C8A-BC89-6762CB1C02E8}.Release|Any CPU.ActiveCfg = Release|Any CPU
		{69BA8E33-3632-4C8A-BC89-6762CB1C02E8}.Release|Any CPU.Build.0 = Release|Any CPU
		{0673A474-F79D-4318-9E29-5634CB72782C}.Debug|Any CPU.ActiveCfg = Debug|Any CPU
		{0673A474-F79D-4318-9E29-5634CB72782C}.Debug|Any CPU.Build.0 = Debug|Any CPU
		{0673A474-F79D-4318-9E29-5634CB72782C}.Release|Any CPU.ActiveCfg = Release|Any CPU
		{0673A474-F79D-4318-9E29-5634CB72782C}.Release|Any CPU.Build.0 = Release|Any CPU
		{41EE48A2-A020-40F5-A4CE-FCDE52A2F508}.Debug|Any CPU.ActiveCfg = Debug|Any CPU
		{41EE48A2-A020-40F5-A4CE-FCDE52A2F508}.Debug|Any CPU.Build.0 = Debug|Any CPU
		{41EE48A2-A020-40F5-A4CE-FCDE52A2F508}.Release|Any CPU.ActiveCfg = Release|Any CPU
		{41EE48A2-A020-40F5-A4CE-FCDE52A2F508}.Release|Any CPU.Build.0 = Release|Any CPU
	EndGlobalSection
	GlobalSection(SolutionProperties) = preSolution
		HideSolutionNode = FALSE
	EndGlobalSection
	GlobalSection(NestedProjects) = preSolution
		{0673A474-F79D-4318-9E29-5634CB72782C} = {1FABDB09-186C-44B1-8BFF-4D554B2F9DB9}
	EndGlobalSection
	GlobalSection(ExtensibilityGlobals) = postSolution
		SolutionGuid = {F6068951-68B4-479D-8623-BE955C9EB8B9}
	EndGlobalSection
EndGlobal
